
Microsoft Visual Studio Solution File, Format Version 12.00
# Visual Studio Version 16
VisualStudioVersion = 16.0.30907.101
MinimumVisualStudioVersion = 10.0.40219.1
Project("{FAE04EC0-301F-11D3-BF4B-00C04F79EFBC}") = "Variables", "Variables\Variables.csproj", "{6FA6117E-F080-4AA9-AC52-D0E8674AE3F1}"
EndProject
Global
	GlobalSection(SolutionConfigurationPlatforms) = preSolution
		Debug|Any CPU = Debug|Any CPU
		Release|Any CPU = Release|Any CPU
	EndGlobalSection
	GlobalSection(ProjectConfigurationPlatforms) = postSolution
		{6FA6117E-F080-4AA9-AC52-D0E8674AE3F1}.Debug|Any CPU.ActiveCfg = Debug|Any CPU
		{6FA6117E-F080-4AA9-AC52-D0E8674AE3F1}.Debug|Any CPU.Build.0 = Debug|Any CPU
		{6FA6117E-F080-4AA9-AC52-D0E8674AE3F1}.Release|Any CPU.ActiveCfg = Release|Any CPU
		{6FA6117E-F080-4AA9-AC52-D0E8674AE3F1}.Release|Any CPU.Build.0 = Release|Any CPU
	EndGlobalSection
	GlobalSection(SolutionProperties) = preSolution
		HideSolutionNode = FALSE
	EndGlobalSection
	GlobalSection(ExtensibilityGlobals) = postSolution
		SolutionGuid = {2091A079-5AD7-4B7A-B3D2-AB5BA92E34D2}
	EndGlobalSection
EndGlobal
